
Microsoft Visual Studio Solution File, Format Version 12.00
# Visual Studio Version 17
VisualStudioVersion = 17.0.31903.59
MinimumVisualStudioVersion = 10.0.40219.1
Project("{FAE04EC0-301F-11D3-BF4B-00C04F79EFBC}") = "PDFEditorApp", "PDFEditorApp\PDFEditorApp.csproj", "{C3F4C1AE-CF60-45A8-8E28-513DF40BA89B}"
EndProject
Project("{FAE04EC0-301F-11D3-BF4B-00C04F79EFBC}") = "PDFEditorApp.Tests", "PDFEditorApp.Tests\PDFEditorApp.Tests.csproj", "{1B9F140A-770D-4AF5-BEDA-057F973E2648}"
EndProject
Global
	GlobalSection(SolutionConfigurationPlatforms) = preSolution
		Debug|Any CPU = Debug|Any CPU
		Release|Any CPU = Release|Any CPU
	EndGlobalSection
	GlobalSection(SolutionProperties) = preSolution
		HideSolutionNode = FALSE
	EndGlobalSection
	GlobalSection(ProjectConfigurationPlatforms) = postSolution
		{C3F4C1AE-CF60-45A8-8E28-513DF40BA89B}.Debug|Any CPU.ActiveCfg = Debug|Any CPU
		{C3F4C1AE-CF60-45A8-8E28-513DF40BA89B}.Debug|Any CPU.Build.0 = Debug|Any CPU
		{C3F4C1AE-CF60-45A8-8E28-513DF40BA89B}.Release|Any CPU.ActiveCfg = Release|Any CPU
		{C3F4C1AE-CF60-45A8-8E28-513DF40BA89B}.Release|Any CPU.Build.0 = Release|Any CPU
		{1B9F140A-770D-4AF5-BEDA-057F973E2648}.Debug|Any CPU.ActiveCfg = Debug|Any CPU
		{1B9F140A-770D-4AF5-BEDA-057F973E2648}.Debug|Any CPU.Build.0 = Debug|Any CPU
		{1B9F140A-770D-4AF5-BEDA-057F973E2648}.Release|Any CPU.ActiveCfg = Release|Any CPU
		{1B9F140A-770D-4AF5-BEDA-057F973E2648}.Release|Any CPU.Build.0 = Release|Any CPU
	EndGlobalSection
EndGlobal
